
Microsoft Visual Studio Solution File, Format Version 12.00
# Visual Studio 15
VisualStudioVersion = 15.0.28307.1062
MinimumVisualStudioVersion = 10.0.40219.1
Project("{FAE04EC0-301F-11D3-BF4B-00C04F79EFBC}") = "MVCfirstAPP", "MVCfirstAPP\MVCfirstAPP.csproj", "{5CD0B336-139F-4671-B300-F431131637D0}"
EndProject
Global
	GlobalSection(SolutionConfigurationPlatforms) = preSolution
		Debug|Any CPU = Debug|Any CPU
		Release|Any CPU = Release|Any CPU
	EndGlobalSection
	GlobalSection(ProjectConfigurationPlatforms) = postSolution
		{5CD0B336-139F-4671-B300-F431131637D0}.Debug|Any CPU.ActiveCfg = Debug|Any CPU
		{5CD0B336-139F-4671-B300-F431131637D0}.Debug|Any CPU.Build.0 = Debug|Any CPU
		{5CD0B336-139F-4671-B300-F431131637D0}.Release|Any CPU.ActiveCfg = Release|Any CPU
		{5CD0B336-139F-4671-B300-F431131637D0}.Release|Any CPU.Build.0 = Release|Any CPU
	EndGlobalSection
	GlobalSection(SolutionProperties) = preSolution
		HideSolutionNode = FALSE
	EndGlobalSection
	GlobalSection(ExtensibilityGlobals) = postSolution
		SolutionGuid = {3F46D6FA-CF81-43AF-9369-1A075D0CCBA0}
	EndGlobalSection
EndGlobal
